// !$*UTF8*$!
{
	archiveVersion = 1;
	classes = {
	};
	objectVersion = 46;
	objects = {

/* Begin PBXBuildFile section */
		83255A1119301D8F00E357B1 /* Foundation.framework in Frameworks */ = {isa = PBXBuildFile; fileRef = 83255A1019301D8F00E357B1 /* Foundation.framework */; };
		83255A1319301D8F00E357B1 /* CoreGraphics.framework in Frameworks */ = {isa = PBXBuildFile; fileRef = 83255A1219301D8F00E357B1 /* CoreGraphics.framework */; };
		83255A1519301D8F00E357B1 /* UIKit.framework in Frameworks */ = {isa = PBXBuildFile; fileRef = 83255A1419301D8F00E357B1 /* UIKit.framework */; };
		83255A1B19301D8F00E357B1 /* InfoPlist.strings in Resources */ = {isa = PBXBuildFile; fileRef = 83255A1919301D8F00E357B1 /* InfoPlist.strings */; };
		83255A1D19301D8F00E357B1 /* main.m in Sources */ = {isa = PBXBuildFile; fileRef = 83255A1C19301D8F00E357B1 /* main.m */; };
		83255A2119301D8F00E357B1 /* PSAppDelegate.m in Sources */ = {isa = PBXBuildFile; fileRef = 83255A2019301D8F00E357B1 /* PSAppDelegate.m */; };
		83255A2419301D9000E357B1 /* Main.storyboard in Resources */ = {isa = PBXBuildFile; fileRef = 83255A2219301D9000E357B1 /* Main.storyboard */; };
		83255A2719301D9000E357B1 /* PSViewController.m in Sources */ = {isa = PBXBuildFile; fileRef = 83255A2619301D9000E357B1 /* PSViewController.m */; };
		83255A2919301D9000E357B1 /* Images.xcassets in Resources */ = {isa = PBXBuildFile; fileRef = 83255A2819301D9000E357B1 /* Images.xcassets */; };
		83255A3019301D9000E357B1 /* XCTest.framework in Frameworks */ = {isa = PBXBuildFile; fileRef = 83255A2F19301D9000E357B1 /* XCTest.framework */; };
		83255A3119301D9000E357B1 /* Foundation.framework in Frameworks */ = {isa = PBXBuildFile; fileRef = 83255A1019301D8F00E357B1 /* Foundation.framework */; };
		83255A3219301D9000E357B1 /* UIKit.framework in Frameworks */ = {isa = PBXBuildFile; fileRef = 83255A1419301D8F00E357B1 /* UIKit.framework */; };
		83255A3A19301D9000E357B1 /* InfoPlist.strings in Resources */ = {isa = PBXBuildFile; fileRef = 83255A3819301D9000E357B1 /* InfoPlist.strings */; };
		83255A3C19301D9000E357B1 /* TicTacToeTests.m in Sources */ = {isa = PBXBuildFile; fileRef = 83255A3B19301D9000E357B1 /* TicTacToeTests.m */; };
/* End PBXBuildFile section */

/* Begin PBXContainerItemProxy section */
		83255A3319301D9000E357B1 /* PBXContainerItemProxy */ = {
			isa = PBXContainerItemProxy;
			containerPortal = 83255A0519301D8F00E357B1 /* Project object */;
			proxyType = 1;
			remoteGlobalIDString = 83255A0C19301D8F00E357B1;
			remoteInfo = TicTacToe;
		};
/* End PBXContainerItemProxy section */

/* Begin PBXFileReference section */
		83255A0D19301D8F00E357B1 /* TicTacToe.app */ = {isa = PBXFileReference; explicitFileType = wrapper.application; includeInIndex = 0; path = TicTacToe.app; sourceTree = BUILT_PRODUCTS_DIR; };
		83255A1019301D8F00E357B1 /* Foundation.framework */ = {isa = PBXFileReference; lastKnownFileType = wrapper.framework; name = Foundation.framework; path = System/Library/Frameworks/Foundation.framework; sourceTree = SDKROOT; };
		83255A1219301D8F00E357B1 /* CoreGraphics.framework */ = {isa = PBXFileReference; lastKnownFileType = wrapper.framework; name = CoreGraphics.framework; path = System/Library/Frameworks/CoreGraphics.framework; sourceTree = SDKROOT; };
		83255A1419301D8F00E357B1 /* UIKit.framework */ = {isa = PBXFileReference; lastKnownFileType = wrapper.framework; name = UIKit.framework; path = System/Library/Frameworks/UIKit.framework; sourceTree = SDKROOT; };
		83255A1819301D8F00E357B1 /* TicTacToe-Info.plist */ = {isa = PBXFileReference; lastKnownFileType = text.plist.xml; path = "TicTacToe-Info.plist"; sourceTree = "<group>"; };
		83255A1A19301D8F00E357B1 /* en */ = {isa = PBXFileReference; lastKnownFileType = text.plist.strings; name = en; path = en.lproj/InfoPlist.strings; sourceTree = "<group>"; };
		83255A1C19301D8F00E357B1 /* main.m */ = {isa = PBXFileReference; lastKnownFileType = sourcecode.c.objc; path = main.m; sourceTree = "<group>"; };
		83255A1E19301D8F00E357B1 /* TicTacToe-Prefix.pch */ = {isa = PBXFileReference; lastKnownFileType = sourcecode.c.h; path = "TicTacToe-Prefix.pch"; sourceTree = "<group>"; };
		83255A1F19301D8F00E357B1 /* PSAppDelegate.h */ = {isa = PBXFileReference; lastKnownFileType = sourcecode.c.h; path = PSAppDelegate.h; sourceTree = "<group>"; };
		83255A2019301D8F00E357B1 /* PSAppDelegate.m */ = {isa = PBXFileReference; lastKnownFileType = sourcecode.c.objc; path = PSAppDelegate.m; sourceTree = "<group>"; };
		83255A2319301D9000E357B1 /* Base */ = {isa = PBXFileReference; lastKnownFileType = file.storyboard; name = Base; path = Base.lproj/Main.storyboard; sourceTree = "<group>"; };
		83255A2519301D9000E357B1 /* PSViewController.h */ = {isa = PBXFileReference; lastKnownFileType = sourcecode.c.h; path = PSViewController.h; sourceTree = "<group>"; };
		83255A2619301D9000E357B1 /* PSViewController.m */ = {isa = PBXFileReference; lastKnownFileType = sourcecode.c.objc; path = PSViewController.m; sourceTree = "<group>"; };
		83255A2819301D9000E357B1 /* Images.xcassets */ = {isa = PBXFileReference; lastKnownFileType = folder.assetcatalog; path = Images.xcassets; sourceTree = "<group>"; };
		83255A2E19301D9000E357B1 /* TicTacToeTests.xctest */ = {isa = PBXFileReference; explicitFileType = wrapper.cfbundle; includeInIndex = 0; path = TicTacToeTests.xctest; sourceTree = BUILT_PRODUCTS_DIR; };
		83255A2F19301D9000E357B1 /* XCTest.framework */ = {isa = PBXFileReference; lastKnownFileType = wrapper.framework; name = XCTest.framework; path = Library/Frameworks/XCTest.framework; sourceTree = DEVELOPER_DIR; };
		83255A3719301D9000E357B1 /* TicTacToeTests-Info.plist */ = {isa = PBXFileReference; lastKnownFileType = text.plist.xml; path = "TicTacToeTests-Info.plist"; sourceTree = "<group>"; };
		83255A3919301D9000E357B1 /* en */ = {isa = PBXFileReference; lastKnownFileType = text.plist.strings; name = en; path = en.lproj/InfoPlist.strings; sourceTree = "<group>"; };
		83255A3B19301D9000E357B1 /* TicTacToeTests.m */ = {isa = PBXFileReference; lastKnownFileType = sourcecode.c.objc; path = TicTacToeTests.m; sourceTree = "<group>"; };
/* End PBXFileReference section */

/* Begin PBXFrameworksBuildPhase section */
		83255A0A19301D8F00E357B1 /* Frameworks */ = {
			isa = PBXFrameworksBuildPhase;
			buildActionMask = 2147483647;
			files = (
				83255A1319301D8F00E357B1 /* CoreGraphics.framework in Frameworks */,
				83255A1519301D8F00E357B1 /* UIKit.framework in Frameworks */,
				83255A1119301D8F00E357B1 /* Foundation.framework in Frameworks */,
			);
			runOnlyForDeploymentPostprocessing = 0;
		};
		83255A2B19301D9000E357B1 /* Frameworks */ = {
			isa = PBXFrameworksBuildPhase;
			buildActionMask = 2147483647;
			files = (
				83255A3019301D9000E357B1 /* XCTest.framework in Frameworks */,
				83255A3219301D9000E357B1 /* UIKit.framework in Frameworks */,
				83255A3119301D9000E357B1 /* Foundation.framework in Frameworks */,
			);
			runOnlyForDeploymentPostprocessing = 0;
		};
/* End PBXFrameworksBuildPhase section */

/* Begin PBXGroup section */
		83255A0419301D8F00E357B1 = {
			isa = PBXGroup;
			children = (
				83255A1619301D8F00E357B1 /* TicTacToe */,
				83255A3519301D9000E357B1 /* TicTacToeTests */,
				83255A0F19301D8F00E357B1 /* Frameworks */,
				83255A0E19301D8F00E357B1 /* Products */,
			);
			sourceTree = "<group>";
		};
		83255A0E19301D8F00E357B1 /* Products */ = {
			isa = PBXGroup;
			children = (
				83255A0D19301D8F00E357B1 /* TicTacToe.app */,
				83255A2E19301D9000E357B1 /* TicTacToeTests.xctest */,
			);
			name = Products;
			sourceTree = "<group>";
		};
		83255A0F19301D8F00E357B1 /* Frameworks */ = {
			isa = PBXGroup;
			children = (
				83255A1019301D8F00E357B1 /* Foundation.framework */,
				83255A1219301D8F00E357B1 /* CoreGraphics.framework */,
				83255A1419301D8F00E357B1 /* UIKit.framework */,
				83255A2F19301D9000E357B1 /* XCTest.framework */,
			);
			name = Frameworks;
			sourceTree = "<group>";
		};
		83255A1619301D8F00E357B1 /* TicTacToe */ = {
			isa = PBXGroup;
			children = (
				83255A1F19301D8F00E357B1 /* PSAppDelegate.h */,
				83255A2019301D8F00E357B1 /* PSAppDelegate.m */,
				83255A2219301D9000E357B1 /* Main.storyboard */,
				83255A2519301D9000E357B1 /* PSViewController.h */,
				83255A2619301D9000E357B1 /* PSViewController.m */,
				83255A2819301D9000E357B1 /* Images.xcassets */,
				83255A1719301D8F00E357B1 /* Supporting Files */,
			);
			path = TicTacToe;
			sourceTree = "<group>";
		};
		83255A1719301D8F00E357B1 /* Supporting Files */ = {
			isa = PBXGroup;
			children = (
				83255A1819301D8F00E357B1 /* TicTacToe-Info.plist */,
				83255A1919301D8F00E357B1 /* InfoPlist.strings */,
				83255A1C19301D8F00E357B1 /* main.m */,
				83255A1E19301D8F00E357B1 /* TicTacToe-Prefix.pch */,
			);
			name = "Supporting Files";
			sourceTree = "<group>";
		};
		83255A3519301D9000E357B1 /* TicTacToeTests */ = {
			isa = PBXGroup;
			children = (
				83255A3B19301D9000E357B1 /* TicTacToeTests.m */,
				83255A3619301D9000E357B1 /* Supporting Files */,
			);
			path = TicTacToeTests;
			sourceTree = "<group>";
		};
		83255A3619301D9000E357B1 /* Supporting Files */ = {
			isa = PBXGroup;
			children = (
				83255A3719301D9000E357B1 /* TicTacToeTests-Info.plist */,
				83255A3819301D9000E357B1 /* InfoPlist.strings */,
			);
			name = "Supporting Files";
			sourceTree = "<group>";
		};
/* End PBXGroup section */

/* Begin PBXNativeTarget section */
		83255A0C19301D8F00E357B1 /* TicTacToe */ = {
			isa = PBXNativeTarget;
			buildConfigurationList = 83255A3F19301D9000E357B1 /* Build configuration list for PBXNativeTarget "TicTacToe" */;
			buildPhases = (
				83255A0919301D8F00E357B1 /* Sources */,
				83255A0A19301D8F00E357B1 /* Frameworks */,
				83255A0B19301D8F00E357B1 /* Resources */,
			);
			buildRules = (
			);
			dependencies = (
			);
			name = TicTacToe;
			productName = TicTacToe;
			productReference = 83255A0D19301D8F00E357B1 /* TicTacToe.app */;
			productType = "com.apple.product-type.application";
		};
		83255A2D19301D9000E357B1 /* TicTacToeTests */ = {
			isa = PBXNativeTarget;
			buildConfigurationList = 83255A4219301D9000E357B1 /* Build configuration list for PBXNativeTarget "TicTacToeTests" */;
			buildPhases = (
				83255A2A19301D9000E357B1 /* Sources */,
				83255A2B19301D9000E357B1 /* Frameworks */,
				83255A2C19301D9000E357B1 /* Resources */,
			);
			buildRules = (
			);
			dependencies = (
				83255A3419301D9000E357B1 /* PBXTargetDependency */,
			);
			name = TicTacToeTests;
			productName = TicTacToeTests;
			productReference = 83255A2E19301D9000E357B1 /* TicTacToeTests.xctest */;
			productType = "com.apple.product-type.bundle.unit-test";
		};
/* End PBXNativeTarget section */

/* Begin PBXProject section */
		83255A0519301D8F00E357B1 /* Project object */ = {
			isa = PBXProject;
			attributes = {
				CLASSPREFIX = PS;
				LastUpgradeCheck = 0510;
				ORGANIZATIONNAME = "Justin Warmkessel";
				TargetAttributes = {
					83255A2D19301D9000E357B1 = {
						TestTargetID = 83255A0C19301D8F00E357B1;
					};
				};
			};
			buildConfigurationList = 83255A0819301D8F00E357B1 /* Build configuration list for PBXProject "TicTacToe" */;
			compatibilityVersion = "Xcode 3.2";
			developmentRegion = English;
			hasScannedForEncodings = 0;
			knownRegions = (
				en,
				Base,
			);
			mainGroup = 83255A0419301D8F00E357B1;
			productRefGroup = 83255A0E19301D8F00E357B1 /* Products */;
			projectDirPath = "";
			projectRoot = "";
			targets = (
				83255A0C19301D8F00E357B1 /* TicTacToe */,
				83255A2D19301D9000E357B1 /* TicTacToeTests */,
			);
		};
/* End PBXProject section */

/* Begin PBXResourcesBuildPhase section */
		83255A0B19301D8F00E357B1 /* Resources */ = {
			isa = PBXResourcesBuildPhase;
			buildActionMask = 2147483647;
			files = (
				83255A2919301D9000E357B1 /* Images.xcassets in Resources */,
				83255A1B19301D8F00E357B1 /* InfoPlist.strings in Resources */,
				83255A2419301D9000E357B1 /* Main.storyboard in Resources */,
			);
			runOnlyForDeploymentPostprocessing = 0;
		};
		83255A2C19301D9000E357B1 /* Resources */ = {
			isa = PBXResourcesBuildPhase;
			buildActionMask = 2147483647;
			files = (
				83255A3A19301D9000E357B1 /* InfoPlist.strings in Resources */,
			);
			runOnlyForDeploymentPostprocessing = 0;
		};
/* End PBXResourcesBuildPhase section */

/* Begin PBXSourcesBuildPhase section */
		83255A0919301D8F00E357B1 /* Sources */ = {
			isa = PBXSourcesBuildPhase;
			buildActionMask = 2147483647;
			files = (
				83255A1D19301D8F00E357B1 /* main.m in Sources */,
				83255A2719301D9000E357B1 /* PSViewController.m in Sources */,
				83255A2119301D8F00E357B1 /* PSAppDelegate.m in Sources */,
			);
			runOnlyForDeploymentPostprocessing = 0;
		};
		83255A2A19301D9000E357B1 /* Sources */ = {
			isa = PBXSourcesBuildPhase;
			buildActionMask = 2147483647;
			files = (
				83255A3C19301D9000E357B1 /* TicTacToeTests.m in Sources */,
			);
			runOnlyForDeploymentPostprocessing = 0;
		};
/* End PBXSourcesBuildPhase section */

/* Begin PBXTargetDependency section */
		83255A3419301D9000E357B1 /* PBXTargetDependency */ = {
			isa = PBXTargetDependency;
			target = 83255A0C19301D8F00E357B1 /* TicTacToe */;
			targetProxy = 83255A3319301D9000E357B1 /* PBXContainerItemProxy */;
		};
/* End PBXTargetDependency section */

/* Begin PBXVariantGroup section */
		83255A1919301D8F00E357B1 /* InfoPlist.strings */ = {
			isa = PBXVariantGroup;
			children = (
				83255A1A19301D8F00E357B1 /* en */,
			);
			name = InfoPlist.strings;
			sourceTree = "<group>";
		};
		83255A2219301D9000E357B1 /* Main.storyboard */ = {
			isa = PBXVariantGroup;
			children = (
				83255A2319301D9000E357B1 /* Base */,
			);
			name = Main.storyboard;
			sourceTree = "<group>";
		};
		83255A3819301D9000E357B1 /* InfoPlist.strings */ = {
			isa = PBXVariantGroup;
			children = (
				83255A3919301D9000E357B1 /* en */,
			);
			name = InfoPlist.strings;
			sourceTree = "<group>";
		};
/* End PBXVariantGroup section */

/* Begin XCBuildConfiguration section */
		83255A3D19301D9000E357B1 /* Debug */ = {
			isa = XCBuildConfiguration;
			buildSettings = {
				ALWAYS_SEARCH_USER_PATHS = NO;
				CLANG_CXX_LANGUAGE_STANDARD = "gnu++0x";
				CLANG_CXX_LIBRARY = "libc++";
				CLANG_ENABLE_MODULES = YES;
				CLANG_ENABLE_OBJC_ARC = YES;
				CLANG_WARN_BOOL_CONVERSION = YES;
				CLANG_WARN_CONSTANT_CONVERSION = YES;
				CLANG_WARN_DIRECT_OBJC_ISA_USAGE = YES_ERROR;
				CLANG_WARN_EMPTY_BODY = YES;
				CLANG_WARN_ENUM_CONVERSION = YES;
				CLANG_WARN_INT_CONVERSION = YES;
				CLANG_WARN_OBJC_ROOT_CLASS = YES_ERROR;
				CLANG_WARN__DUPLICATE_METHOD_MATCH = YES;
				"CODE_SIGN_IDENTITY[sdk=iphoneos*]" = "iPhone Developer";
				COPY_PHASE_STRIP = NO;
				GCC_C_LANGUAGE_STANDARD = gnu99;
				GCC_DYNAMIC_NO_PIC = NO;
				GCC_OPTIMIZATION_LEVEL = 0;
				GCC_PREPROCESSOR_DEFINITIONS = (
					"DEBUG=1",
					"$(inherited)",
				);
				GCC_SYMBOLS_PRIVATE_EXTERN = NO;
				GCC_WARN_64_TO_32_BIT_CONVERSION = YES;
				GCC_WARN_ABOUT_RETURN_TYPE = YES_ERROR;
				GCC_WARN_UNDECLARED_SELECTOR = YES;
				GCC_WARN_UNINITIALIZED_AUTOS = YES_AGGRESSIVE;
				GCC_WARN_UNUSED_FUNCTION = YES;
				GCC_WARN_UNUSED_VARIABLE = YES;
				IPHONEOS_DEPLOYMENT_TARGET = 7.1;
				ONLY_ACTIVE_ARCH = YES;
				SDKROOT = iphoneos;
			};
			name = Debug;
		};
		83255A3E19301D9000E357B1 /* Release */ = {
			isa = XCBuildConfiguration;
			buildSettings = {
				ALWAYS_SEARCH_USER_PATHS = NO;
				CLANG_CXX_LANGUAGE_STANDARD = "gnu++0x";
				CLANG_CXX_LIBRARY = "libc++";
				CLANG_ENABLE_MODULES = YES;
				CLANG_ENABLE_OBJC_ARC = YES;
				CLANG_WARN_BOOL_CONVERSION = YES;
				CLANG_WARN_CONSTANT_CONVERSION = YES;
				CLANG_WARN_DIRECT_OBJC_ISA_USAGE = YES_ERROR;
				CLANG_WARN_EMPTY_BODY = YES;
				CLANG_WARN_ENUM_CONVERSION = YES;
				CLANG_WARN_INT_CONVERSION = YES;
				CLANG_WARN_OBJC_ROOT_CLASS = YES_ERROR;
				CLANG_WARN__DUPLICATE_METHOD_MATCH = YES;
				"CODE_SIGN_IDENTITY[sdk=iphoneos*]" = "iPhone Developer";
				COPY_PHASE_STRIP = YES;
				ENABLE_NS_ASSERTIONS = NO;
				GCC_C_LANGUAGE_STANDARD = gnu99;
				GCC_WARN_64_TO_32_BIT_CONVERSION = YES;
				GCC_WARN_ABOUT_RETURN_TYPE = YES_ERROR;
				GCC_WARN_UNDECLARED_SELECTOR = YES;
				GCC_WARN_UNINITIALIZED_AUTOS = YES_AGGRESSIVE;
				GCC_WARN_UNUSED_FUNCTION = YES;
				GCC_WARN_UNUSED_VARIABLE = YES;
				IPHONEOS_DEPLOYMENT_TARGET = 7.1;
				SDKROOT = iphoneos;
				VALIDATE_PRODUCT = YES;
			};
			name = Release;
		};
		83255A4019301D9000E357B1 /* Debug */ = {
			isa = XCBuildConfiguration;
			buildSettings = {
				ASSETCATALOG_COMPILER_APPICON_NAME = AppIcon;
				ASSETCATALOG_COMPILER_LAUNCHIMAGE_NAME = LaunchImage;
				GCC_PRECOMPILE_PREFIX_HEADER = YES;
				GCC_PREFIX_HEADER = "TicTacToe/TicTacToe-Prefix.pch";
				INFOPLIST_FILE = "TicTacToe/TicTacToe-Info.plist";
				PRODUCT_NAME = "$(TARGET_NAME)";
				WRAPPER_EXTENSION = app;
			};
			name = Debug;
		};
		83255A4119301D9000E357B1 /* Release */ = {
			isa = XCBuildConfiguration;
			buildSettings = {
				ASSETCATALOG_COMPILER_APPICON_NAME = AppIcon;
				ASSETCATALOG_COMPILER_LAUNCHIMAGE_NAME = LaunchImage;
				GCC_PRECOMPILE_PREFIX_HEADER = YES;
				GCC_PREFIX_HEADER = "TicTacToe/TicTacToe-Prefix.pch";
				INFOPLIST_FILE = "TicTacToe/TicTacToe-Info.plist";
				PRODUCT_NAME = "$(TARGET_NAME)";
				WRAPPER_EXTENSION = app;
			};
			name = Release;
		};
		83255A4319301D9000E357B1 /* Debug */ = {
			isa = XCBuildConfiguration;
			buildSettings = {
				BUNDLE_LOADER = "$(BUILT_PRODUCTS_DIR)/TicTacToe.app/TicTacToe";
				FRAMEWORK_SEARCH_PATHS = (
					"$(SDKROOT)/Developer/Library/Frameworks",
					"$(inherited)",
					"$(DEVELOPER_FRAMEWORKS_DIR)",
				);
				GCC_PRECOMPILE_PREFIX_HEADER = YES;
				GCC_PREFIX_HEADER = "TicTacToe/TicTacToe-Prefix.pch";
				GCC_PREPROCESSOR_DEFINITIONS = (
					"DEBUG=1",
					"$(inherited)",
				);
				INFOPLIST_FILE = "TicTacToeTests/TicTacToeTests-Info.plist";
				PRODUCT_NAME = "$(TARGET_NAME)";
				TEST_HOST = "$(BUNDLE_LOADER)";
				WRAPPER_EXTENSION = xctest;
			};
			name = Debug;
		};
		83255A4419301D9000E357B1 /* Release */ = {
			isa = XCBuildConfiguration;
			buildSettings = {
				BUNDLE_LOADER = "$(BUILT_PRODUCTS_DIR)/TicTacToe.app/TicTacToe";
				FRAMEWORK_SEARCH_PATHS = (
					"$(SDKROOT)/Developer/Library/Frameworks",
					"$(inherited)",
					"$(DEVELOPER_FRAMEWORKS_DIR)",
				);
				GCC_PRECOMPILE_PREFIX_HEADER = YES;
				GCC_PREFIX_HEADER = "TicTacToe/TicTacToe-Prefix.pch";
				INFOPLIST_FILE = "TicTacToeTests/TicTacToeTests-Info.plist";
				PRODUCT_NAME = "$(TARGET_NAME)";
				TEST_HOST = "$(BUNDLE_LOADER)";
				WRAPPER_EXTENSION = xctest;
			};
			name = Release;
		};
/* End XCBuildConfiguration section */

/* Begin XCConfigurationList section */
		83255A0819301D8F00E357B1 /* Build configuration list for PBXProject "TicTacToe" */ = {
			isa = XCConfigurationList;
			buildConfigurations = (
				83255A3D19301D9000E357B1 /* Debug */,
				83255A3E19301D9000E357B1 /* Release */,
			);
			defaultConfigurationIsVisible = 0;
			defaultConfigurationName = Release;
		};
		83255A3F19301D9000E357B1 /* Build configuration list for PBXNativeTarget "TicTacToe" */ = {
			isa = XCConfigurationList;
			buildConfigurations = (
				83255A4019301D9000E357B1 /* Debug */,
				83255A4119301D9000E357B1 /* Release */,
			);
			defaultConfigurationIsVisible = 0;
		};
		83255A4219301D9000E357B1 /* Build configuration list for PBXNativeTarget "TicTacToeTests" */ = {
			isa = XCConfigurationList;
			buildConfigurations = (
				83255A4319301D9000E357B1 /* Debug */,
				83255A4419301D9000E357B1 /* Release */,
			);
			defaultConfigurationIsVisible = 0;
		};
/* End XCConfigurationList section */
	};
	rootObject = 83255A0519301D8F00E357B1 /* Project object */;
}
